
Microsoft Visual Studio Solution File, Format Version 12.00
# Visual Studio 2012
Project("{FAE04EC0-301F-11D3-BF4B-00C04F79EFBC}") = "builder", "builder.csproj", "{0F3C8292-B32B-4CF1-8B97-DE37A2C86FAD}"
EndProject
Global
	GlobalSection(SolutionConfigurationPlatforms) = preSolution
		Debug|Any CPU = Debug|Any CPU
		Release|Any CPU = Release|Any CPU
	EndGlobalSection
	GlobalSection(ProjectConfigurationPlatforms) = postSolution
		{0F3C8292-B32B-4CF1-8B97-DE37A2C86FAD}.Debug|Any CPU.ActiveCfg = Debug|Any CPU
		{0F3C8292-B32B-4CF1-8B97-DE37A2C86FAD}.Debug|Any CPU.Build.0 = Debug|Any CPU
		{0F3C8292-B32B-4CF1-8B97-DE37A2C86FAD}.Release|Any CPU.ActiveCfg = Release|Any CPU
		{0F3C8292-B32B-4CF1-8B97-DE37A2C86FAD}.Release|Any CPU.Build.0 = Release|Any CPU
	EndGlobalSection
EndGlobal
