
Microsoft Visual Studio Solution File, Format Version 12.00
# Visual Studio 2012
Project("{FAE04EC0-301F-11D3-BF4B-00C04F79EFBC}") = "pptx-creator-console", "dotnet-pptx\pptx-creator-console.csproj", "{6882B18E-643A-48D3-B408-FAC243C834E6}"
EndProject
Project("{FAE04EC0-301F-11D3-BF4B-00C04F79EFBC}") = "pptx-creator", "pptx-creator\pptx-creator.csproj", "{10EEEEF6-852C-412F-BBC2-E6855438352B}"
EndProject
Global
	GlobalSection(SolutionConfigurationPlatforms) = preSolution
		Debug|Any CPU = Debug|Any CPU
		Release|Any CPU = Release|Any CPU
	EndGlobalSection
	GlobalSection(ProjectConfigurationPlatforms) = postSolution
		{6882B18E-643A-48D3-B408-FAC243C834E6}.Debug|Any CPU.ActiveCfg = Debug|Any CPU
		{6882B18E-643A-48D3-B408-FAC243C834E6}.Debug|Any CPU.Build.0 = Debug|Any CPU
		{6882B18E-643A-48D3-B408-FAC243C834E6}.Release|Any CPU.ActiveCfg = Release|Any CPU
		{6882B18E-643A-48D3-B408-FAC243C834E6}.Release|Any CPU.Build.0 = Release|Any CPU
		{10EEEEF6-852C-412F-BBC2-E6855438352B}.Debug|Any CPU.ActiveCfg = Debug|Any CPU
		{10EEEEF6-852C-412F-BBC2-E6855438352B}.Debug|Any CPU.Build.0 = Debug|Any CPU
		{10EEEEF6-852C-412F-BBC2-E6855438352B}.Release|Any CPU.ActiveCfg = Release|Any CPU
		{10EEEEF6-852C-412F-BBC2-E6855438352B}.Release|Any CPU.Build.0 = Release|Any CPU
	EndGlobalSection
EndGlobal
